<?xml version="1.0" encoding="utf-8"?>
<Project ToolsVersion="4.0" xmlns="http://schemas.microsoft.com/developer/msbuild/2003">
  <ItemGroup>
    <Filter Include="ソース ファイル">
      <UniqueIdentifier>{4FC737F1-C7A5-4376-A066-2A32D752A2FF}</UniqueIdentifier>
      <Extensions>cpp;c;cc;cxx;def;odl;idl;hpj;bat;asm;asmx</Extensions>
    </Filter>
    <Filter Include="ヘッダー ファイル">
      <UniqueIdentifier>{93995380-89BD-4b04-88EB-625FBE52EBFB}</UniqueIdentifier>
      <Extensions>h;hh;hpp;hxx;hm;inl;inc;ipp;xsd</Extensions>
    </Filter>
    <Filter Include="リソース ファイル">
      <UniqueIdentifier>{67DA6AB6-F800-4c08-8B7A-83BB121AAD01}</UniqueIdentifier>
      <Extensions>rc;ico;cur;bmp;dlg;rc2;rct;bin;rgs;gif;jpg;jpeg;jpe;resx;tiff;tif;png;wav;mfcribbon-ms</Extensions>
    </Filter>
    <Filter Include="DirectX">
      <UniqueIdentifier>{cd747836-acd7-4f38-8675-b822e4ed0c7d}</UniqueIdentifier>
    </Filter>
    <Filter Include="ImGUI">
      <UniqueIdentifier>{03fd8df2-579e-415d-a59f-25dd4876c90f}</UniqueIdentifier>
    </Filter>
    <Filter Include="Pipeline">
      <UniqueIdentifier>{f6f4a4da-b21e-4fac-a8c9-dd6c366a1d39}</UniqueIdentifier>
    </Filter>
    <Filter Include="Other">
      <UniqueIdentifier>{db8fe96f-de3c-4940-8e9f-a67d94e6fdb7}</UniqueIdentifier>
    </Filter>
    <Filter Include="Struct">
      <UniqueIdentifier>{4929be7b-8cae-4017-b0e8-6bfafdf5679d}</UniqueIdentifier>
    </Filter>
    <Filter Include="Sprite">
      <UniqueIdentifier>{76e59fa5-83ce-42ee-bb20-a8e202a8e0e5}</UniqueIdentifier>
    </Filter>
  </ItemGroup>
  <ItemGroup>
    <ClCompile Include="Src\DirectX12.cpp">
      <Filter>DirectX</Filter>
    </ClCompile>
    <ClCompile Include="Src\DrawCommand.cpp">
      <Filter>Pipeline</Filter>
    </ClCompile>
    <ClCompile Include="Src\MainSystem.cpp">
      <Filter>Pipeline</Filter>
    </ClCompile>
    <ClCompile Include="Src\GameLoop.cpp">
      <Filter>DirectX</Filter>
    </ClCompile>
    <ClCompile Include="Src\WinMain.cpp">
      <Filter>DirectX</Filter>
    </ClCompile>
    <ClCompile Include="Src\ImGUI\imgui.cpp">
      <Filter>ImGUI</Filter>
    </ClCompile>
    <ClCompile Include="Src\ImGUI\imgui_demo.cpp">
      <Filter>ImGUI</Filter>
    </ClCompile>
    <ClCompile Include="Src\ImGUI\imgui_draw.cpp">
      <Filter>ImGUI</Filter>
    </ClCompile>
    <ClCompile Include="Src\ImGUI\imgui_impl_dx12.cpp">
      <Filter>ImGUI</Filter>
    </ClCompile>
    <ClCompile Include="Src\ImGUIManager.cpp">
      <Filter>ImGUI</Filter>
    </ClCompile>
    <ClCompile Include="Src\MainWindow.cpp">
      <Filter>Pipeline</Filter>
    </ClCompile>
    <ClCompile Include="Src\Utility.cpp">
      <Filter>Other</Filter>
    </ClCompile>
    <ClCompile Include="Src\RootSignatureTest.cpp">
      <Filter>Pipeline</Filter>
    </ClCompile>
  </ItemGroup>
  <ItemGroup>
    <ClInclude Include="Src\ImGUI\stb_rect_pack.h">
      <Filter>ヘッダー ファイル</Filter>
    </ClInclude>
    <ClInclude Include="Src\ImGUI\stb_textedit.h">
      <Filter>ヘッダー ファイル</Filter>
    </ClInclude>
    <ClInclude Include="Src\ImGUI\stb_truetype.h">
      <Filter>ヘッダー ファイル</Filter>
    </ClInclude>
    <ClInclude Include="Src\DirectX12.h">
      <Filter>DirectX</Filter>
    </ClInclude>
    <ClInclude Include="Src\DrawCommand.h">
      <Filter>Pipeline</Filter>
    </ClInclude>
    <ClInclude Include="Src\MainWindow.h">
      <Filter>Pipeline</Filter>
    </ClInclude>
    <ClInclude Include="Src\GameLoop.h">
      <Filter>DirectX</Filter>
    </ClInclude>
    <ClInclude Include="Src\WindProc.h">
      <Filter>DirectX</Filter>
    </ClInclude>
    <ClInclude Include="Src\ImGUI\imconfig.h">
      <Filter>ImGUI</Filter>
    </ClInclude>
    <ClInclude Include="Src\ImGUI\imgui.h">
      <Filter>ImGUI</Filter>
    </ClInclude>
    <ClInclude Include="Src\ImGUI\imgui_impl_dx12.h">
      <Filter>ImGUI</Filter>
    </ClInclude>
    <ClInclude Include="Src\ImGUI\imgui_internal.h">
      <Filter>ImGUI</Filter>
    </ClInclude>
    <ClInclude Include="Src\ImGUIManager.h">
      <Filter>ImGUI</Filter>
    </ClInclude>
    <ClInclude Include="Src\MainSystem.h">
      <Filter>Pipeline</Filter>
    </ClInclude>
    <ClInclude Include="Src\RootSignatureTest.h">
      <Filter>Pipeline</Filter>
    </ClInclude>
    <ClInclude Include="Src\Utility.h">
      <Filter>Other</Filter>
    </ClInclude>
    <ClInclude Include="Src\ConstantBuffer.h">
      <Filter>Struct</Filter>
    </ClInclude>
    <ClInclude Include="Src\Helper\WaveFrontReader.h">
      <Filter>Other</Filter>
    </ClInclude>
  </ItemGroup>
  <ItemGroup>
    <None Include="packages.config" />
  </ItemGroup>
</Project>